
Microsoft Visual Studio Solution File, Format Version 12.00
# Visual Studio Version 17
VisualStudioVersion = 17.0.31903.59
MinimumVisualStudioVersion = 10.0.40219.1
Project("{FAE04EC0-301F-11D3-BF4B-00C04F79EFBC}") = "Types", "Types\Types.csproj", "{557D85F0-296B-4A64-A41B-43CCC9C17081}"
EndProject
Project("{FAE04EC0-301F-11D3-BF4B-00C04F79EFBC}") = "Numbers", "Numbers\Numbers.csproj", "{3197BDBC-5909-47A9-81AA-376BAEC4E08A}"
EndProject
Project("{FAE04EC0-301F-11D3-BF4B-00C04F79EFBC}") = "Variables", "Variables\Variables.csproj", "{6A3DCE9E-F81E-4409-9911-EBCA6EA1FEE7}"
EndProject
Project("{FAE04EC0-301F-11D3-BF4B-00C04F79EFBC}") = "Console", "Console\Console.csproj", "{D204F4ED-F932-4099-9656-900964538C9D}"
EndProject
Project("{FAE04EC0-301F-11D3-BF4B-00C04F79EFBC}") = "Formatting", "Formatting\Formatting.csproj", "{C1EB2689-B91C-48B6-A912-164D13EEB9A9}"
EndProject
Project("{FAE04EC0-301F-11D3-BF4B-00C04F79EFBC}") = "TextInput", "TextInput\TextInput.csproj", "{916AFDF2-D49C-46A9-BE89-D007DAA42662}"
EndProject
Project("{FAE04EC0-301F-11D3-BF4B-00C04F79EFBC}") = "Arguments", "Arguments\Arguments.csproj", "{26F7C019-FDE1-44C7-A38D-275092DBC200}"
EndProject
Project("{2150E333-8FDC-42A3-9474-1A3956D46DE8}") = "Exercises", "Exercises", "{72EF5EB1-B308-CD20-4E1B-89C2486FD9E1}"
EndProject
Project("{2150E333-8FDC-42A3-9474-1A3956D46DE8}") = "Ex1", "Ex1", "{75A236A3-2365-4F8B-4B02-45A48DF66D86}"
EndProject
Project("{FAE04EC0-301F-11D3-BF4B-00C04F79EFBC}") = "NumberSizes", "Exercises\Ex1\NumberSizes.csproj", "{067A7637-F310-43AA-8BD5-0ECFFB4DADF2}"
EndProject
Global
	GlobalSection(SolutionConfigurationPlatforms) = preSolution
		Debug|Any CPU = Debug|Any CPU
		Debug|x64 = Debug|x64
		Debug|x86 = Debug|x86
		Release|Any CPU = Release|Any CPU
		Release|x64 = Release|x64
		Release|x86 = Release|x86
	EndGlobalSection
	GlobalSection(ProjectConfigurationPlatforms) = postSolution
		{557D85F0-296B-4A64-A41B-43CCC9C17081}.Debug|Any CPU.ActiveCfg = Debug|Any CPU
		{557D85F0-296B-4A64-A41B-43CCC9C17081}.Debug|Any CPU.Build.0 = Debug|Any CPU
		{557D85F0-296B-4A64-A41B-43CCC9C17081}.Debug|x64.ActiveCfg = Debug|Any CPU
		{557D85F0-296B-4A64-A41B-43CCC9C17081}.Debug|x64.Build.0 = Debug|Any CPU
		{557D85F0-296B-4A64-A41B-43CCC9C17081}.Debug|x86.ActiveCfg = Debug|Any CPU
		{557D85F0-296B-4A64-A41B-43CCC9C17081}.Debug|x86.Build.0 = Debug|Any CPU
		{557D85F0-296B-4A64-A41B-43CCC9C17081}.Release|Any CPU.ActiveCfg = Release|Any CPU
		{557D85F0-296B-4A64-A41B-43CCC9C17081}.Release|Any CPU.Build.0 = Release|Any CPU
		{557D85F0-296B-4A64-A41B-43CCC9C17081}.Release|x64.ActiveCfg = Release|Any CPU
		{557D85F0-296B-4A64-A41B-43CCC9C17081}.Release|x64.Build.0 = Release|Any CPU
		{557D85F0-296B-4A64-A41B-43CCC9C17081}.Release|x86.ActiveCfg = Release|Any CPU
		{557D85F0-296B-4A64-A41B-43CCC9C17081}.Release|x86.Build.0 = Release|Any CPU
		{3197BDBC-5909-47A9-81AA-376BAEC4E08A}.Debug|Any CPU.ActiveCfg = Debug|Any CPU
		{3197BDBC-5909-47A9-81AA-376BAEC4E08A}.Debug|Any CPU.Build.0 = Debug|Any CPU
		{3197BDBC-5909-47A9-81AA-376BAEC4E08A}.Debug|x64.ActiveCfg = Debug|Any CPU
		{3197BDBC-5909-47A9-81AA-376BAEC4E08A}.Debug|x64.Build.0 = Debug|Any CPU
		{3197BDBC-5909-47A9-81AA-376BAEC4E08A}.Debug|x86.ActiveCfg = Debug|Any CPU
		{3197BDBC-5909-47A9-81AA-376BAEC4E08A}.Debug|x86.Build.0 = Debug|Any CPU
		{3197BDBC-5909-47A9-81AA-376BAEC4E08A}.Release|Any CPU.ActiveCfg = Release|Any CPU
		{3197BDBC-5909-47A9-81AA-376BAEC4E08A}.Release|Any CPU.Build.0 = Release|Any CPU
		{3197BDBC-5909-47A9-81AA-376BAEC4E08A}.Release|x64.ActiveCfg = Release|Any CPU
		{3197BDBC-5909-47A9-81AA-376BAEC4E08A}.Release|x64.Build.0 = Release|Any CPU
		{3197BDBC-5909-47A9-81AA-376BAEC4E08A}.Release|x86.ActiveCfg = Release|Any CPU
		{3197BDBC-5909-47A9-81AA-376BAEC4E08A}.Release|x86.Build.0 = Release|Any CPU
		{6A3DCE9E-F81E-4409-9911-EBCA6EA1FEE7}.Debug|Any CPU.ActiveCfg = Debug|Any CPU
		{6A3DCE9E-F81E-4409-9911-EBCA6EA1FEE7}.Debug|Any CPU.Build.0 = Debug|Any CPU
		{6A3DCE9E-F81E-4409-9911-EBCA6EA1FEE7}.Debug|x64.ActiveCfg = Debug|Any CPU
		{6A3DCE9E-F81E-4409-9911-EBCA6EA1FEE7}.Debug|x64.Build.0 = Debug|Any CPU
		{6A3DCE9E-F81E-4409-9911-EBCA6EA1FEE7}.Debug|x86.ActiveCfg = Debug|Any CPU
		{6A3DCE9E-F81E-4409-9911-EBCA6EA1FEE7}.Debug|x86.Build.0 = Debug|Any CPU
		{6A3DCE9E-F81E-4409-9911-EBCA6EA1FEE7}.Release|Any CPU.ActiveCfg = Release|Any CPU
		{6A3DCE9E-F81E-4409-9911-EBCA6EA1FEE7}.Release|Any CPU.Build.0 = Release|Any CPU
		{6A3DCE9E-F81E-4409-9911-EBCA6EA1FEE7}.Release|x64.ActiveCfg = Release|Any CPU
		{6A3DCE9E-F81E-4409-9911-EBCA6EA1FEE7}.Release|x64.Build.0 = Release|Any CPU
		{6A3DCE9E-F81E-4409-9911-EBCA6EA1FEE7}.Release|x86.ActiveCfg = Release|Any CPU
		{6A3DCE9E-F81E-4409-9911-EBCA6EA1FEE7}.Release|x86.Build.0 = Release|Any CPU
		{D204F4ED-F932-4099-9656-900964538C9D}.Debug|Any CPU.ActiveCfg = Debug|Any CPU
		{D204F4ED-F932-4099-9656-900964538C9D}.Debug|Any CPU.Build.0 = Debug|Any CPU
		{D204F4ED-F932-4099-9656-900964538C9D}.Debug|x64.ActiveCfg = Debug|Any CPU
		{D204F4ED-F932-4099-9656-900964538C9D}.Debug|x64.Build.0 = Debug|Any CPU
		{D204F4ED-F932-4099-9656-900964538C9D}.Debug|x86.ActiveCfg = Debug|Any CPU
		{D204F4ED-F932-4099-9656-900964538C9D}.Debug|x86.Build.0 = Debug|Any CPU
		{D204F4ED-F932-4099-9656-900964538C9D}.Release|Any CPU.ActiveCfg = Release|Any CPU
		{D204F4ED-F932-4099-9656-900964538C9D}.Release|Any CPU.Build.0 = Release|Any CPU
		{D204F4ED-F932-4099-9656-900964538C9D}.Release|x64.ActiveCfg = Release|Any CPU
		{D204F4ED-F932-4099-9656-900964538C9D}.Release|x64.Build.0 = Release|Any CPU
		{D204F4ED-F932-4099-9656-900964538C9D}.Release|x86.ActiveCfg = Release|Any CPU
		{D204F4ED-F932-4099-9656-900964538C9D}.Release|x86.Build.0 = Release|Any CPU
		{C1EB2689-B91C-48B6-A912-164D13EEB9A9}.Debug|Any CPU.ActiveCfg = Debug|Any CPU
		{C1EB2689-B91C-48B6-A912-164D13EEB9A9}.Debug|Any CPU.Build.0 = Debug|Any CPU
		{C1EB2689-B91C-48B6-A912-164D13EEB9A9}.Debug|x64.ActiveCfg = Debug|Any CPU
		{C1EB2689-B91C-48B6-A912-164D13EEB9A9}.Debug|x64.Build.0 = Debug|Any CPU
		{C1EB2689-B91C-48B6-A912-164D13EEB9A9}.Debug|x86.ActiveCfg = Debug|Any CPU
		{C1EB2689-B91C-48B6-A912-164D13EEB9A9}.Debug|x86.Build.0 = Debug|Any CPU
		{C1EB2689-B91C-48B6-A912-164D13EEB9A9}.Release|Any CPU.ActiveCfg = Release|Any CPU
		{C1EB2689-B91C-48B6-A912-164D13EEB9A9}.Release|Any CPU.Build.0 = Release|Any CPU
		{C1EB2689-B91C-48B6-A912-164D13EEB9A9}.Release|x64.ActiveCfg = Release|Any CPU
		{C1EB2689-B91C-48B6-A912-164D13EEB9A9}.Release|x64.Build.0 = Release|Any CPU
		{C1EB2689-B91C-48B6-A912-164D13EEB9A9}.Release|x86.ActiveCfg = Release|Any CPU
		{C1EB2689-B91C-48B6-A912-164D13EEB9A9}.Release|x86.Build.0 = Release|Any CPU
		{916AFDF2-D49C-46A9-BE89-D007DAA42662}.Debug|Any CPU.ActiveCfg = Debug|Any CPU
		{916AFDF2-D49C-46A9-BE89-D007DAA42662}.Debug|Any CPU.Build.0 = Debug|Any CPU
		{916AFDF2-D49C-46A9-BE89-D007DAA42662}.Debug|x64.ActiveCfg = Debug|Any CPU
		{916AFDF2-D49C-46A9-BE89-D007DAA42662}.Debug|x64.Build.0 = Debug|Any CPU
		{916AFDF2-D49C-46A9-BE89-D007DAA42662}.Debug|x86.ActiveCfg = Debug|Any CPU
		{916AFDF2-D49C-46A9-BE89-D007DAA42662}.Debug|x86.Build.0 = Debug|Any CPU
		{916AFDF2-D49C-46A9-BE89-D007DAA42662}.Release|Any CPU.ActiveCfg = Release|Any CPU
		{916AFDF2-D49C-46A9-BE89-D007DAA42662}.Release|Any CPU.Build.0 = Release|Any CPU
		{916AFDF2-D49C-46A9-BE89-D007DAA42662}.Release|x64.ActiveCfg = Release|Any CPU
		{916AFDF2-D49C-46A9-BE89-D007DAA42662}.Release|x64.Build.0 = Release|Any CPU
		{916AFDF2-D49C-46A9-BE89-D007DAA42662}.Release|x86.ActiveCfg = Release|Any CPU
		{916AFDF2-D49C-46A9-BE89-D007DAA42662}.Release|x86.Build.0 = Release|Any CPU
		{26F7C019-FDE1-44C7-A38D-275092DBC200}.Debug|Any CPU.ActiveCfg = Debug|Any CPU
		{26F7C019-FDE1-44C7-A38D-275092DBC200}.Debug|Any CPU.Build.0 = Debug|Any CPU
		{26F7C019-FDE1-44C7-A38D-275092DBC200}.Debug|x64.ActiveCfg = Debug|Any CPU
		{26F7C019-FDE1-44C7-A38D-275092DBC200}.Debug|x64.Build.0 = Debug|Any CPU
		{26F7C019-FDE1-44C7-A38D-275092DBC200}.Debug|x86.ActiveCfg = Debug|Any CPU
		{26F7C019-FDE1-44C7-A38D-275092DBC200}.Debug|x86.Build.0 = Debug|Any CPU
		{26F7C019-FDE1-44C7-A38D-275092DBC200}.Release|Any CPU.ActiveCfg = Release|Any CPU
		{26F7C019-FDE1-44C7-A38D-275092DBC200}.Release|Any CPU.Build.0 = Release|Any CPU
		{26F7C019-FDE1-44C7-A38D-275092DBC200}.Release|x64.ActiveCfg = Release|Any CPU
		{26F7C019-FDE1-44C7-A38D-275092DBC200}.Release|x64.Build.0 = Release|Any CPU
		{26F7C019-FDE1-44C7-A38D-275092DBC200}.Release|x86.ActiveCfg = Release|Any CPU
		{26F7C019-FDE1-44C7-A38D-275092DBC200}.Release|x86.Build.0 = Release|Any CPU
		{067A7637-F310-43AA-8BD5-0ECFFB4DADF2}.Debug|Any CPU.ActiveCfg = Debug|Any CPU
		{067A7637-F310-43AA-8BD5-0ECFFB4DADF2}.Debug|Any CPU.Build.0 = Debug|Any CPU
		{067A7637-F310-43AA-8BD5-0ECFFB4DADF2}.Debug|x64.ActiveCfg = Debug|Any CPU
		{067A7637-F310-43AA-8BD5-0ECFFB4DADF2}.Debug|x64.Build.0 = Debug|Any CPU
		{067A7637-F310-43AA-8BD5-0ECFFB4DADF2}.Debug|x86.ActiveCfg = Debug|Any CPU
		{067A7637-F310-43AA-8BD5-0ECFFB4DADF2}.Debug|x86.Build.0 = Debug|Any CPU
		{067A7637-F310-43AA-8BD5-0ECFFB4DADF2}.Release|Any CPU.ActiveCfg = Release|Any CPU
		{067A7637-F310-43AA-8BD5-0ECFFB4DADF2}.Release|Any CPU.Build.0 = Release|Any CPU
		{067A7637-F310-43AA-8BD5-0ECFFB4DADF2}.Release|x64.ActiveCfg = Release|Any CPU
		{067A7637-F310-43AA-8BD5-0ECFFB4DADF2}.Release|x64.Build.0 = Release|Any CPU
		{067A7637-F310-43AA-8BD5-0ECFFB4DADF2}.Release|x86.ActiveCfg = Release|Any CPU
		{067A7637-F310-43AA-8BD5-0ECFFB4DADF2}.Release|x86.Build.0 = Release|Any CPU
	EndGlobalSection
	GlobalSection(SolutionProperties) = preSolution
		HideSolutionNode = FALSE
	EndGlobalSection
	GlobalSection(NestedProjects) = preSolution
		{75A236A3-2365-4F8B-4B02-45A48DF66D86} = {72EF5EB1-B308-CD20-4E1B-89C2486FD9E1}
		{067A7637-F310-43AA-8BD5-0ECFFB4DADF2} = {75A236A3-2365-4F8B-4B02-45A48DF66D86}
	EndGlobalSection
EndGlobal
